
Microsoft Visual Studio Solution File, Format Version 12.00
# Visual Studio Version 17
VisualStudioVersion = 17.2.32616.157
MinimumVisualStudioVersion = 10.0.40219.1
Project("{FAE04EC0-301F-11D3-BF4B-00C04F79EFBC}") = "AspNetConfigurationDemo.Api", "AspNetConfigurationDemo.Api\AspNetConfigurationDemo.Api.csproj", "{9BCDBE63-71A8-46A9-AE4B-1F5EC55D2686}"
EndProject
Global
	GlobalSection(SolutionConfigurationPlatforms) = preSolution
		Debug|Any CPU = Debug|Any CPU
		Release|Any CPU = Release|Any CPU
	EndGlobalSection
	GlobalSection(ProjectConfigurationPlatforms) = postSolution
		{9BCDBE63-71A8-46A9-AE4B-1F5EC55D2686}.Debug|Any CPU.ActiveCfg = Debug|Any CPU
		{9BCDBE63-71A8-46A9-AE4B-1F5EC55D2686}.Debug|Any CPU.Build.0 = Debug|Any CPU
		{9BCDBE63-71A8-46A9-AE4B-1F5EC55D2686}.Release|Any CPU.ActiveCfg = Release|Any CPU
		{9BCDBE63-71A8-46A9-AE4B-1F5EC55D2686}.Release|Any CPU.Build.0 = Release|Any CPU
	EndGlobalSection
	GlobalSection(SolutionProperties) = preSolution
		HideSolutionNode = FALSE
	EndGlobalSection
	GlobalSection(ExtensibilityGlobals) = postSolution
		SolutionGuid = {5F25BC87-BA22-42A9-BB56-9606801EA6EC}
	EndGlobalSection
EndGlobal
